
Microsoft Visual Studio Solution File, Format Version 12.00
# Visual Studio Version 17
VisualStudioVersion = 17.9.34728.123
MinimumVisualStudioVersion = 10.0.40219.1
Project("{FAE04EC0-301F-11D3-BF4B-00C04F79EFBC}") = "Mimble", "Mimble\Mimble.csproj", "{BD298807-C909-4DB2-B971-50C30D6ED60D}"
EndProject
Global
	GlobalSection(SolutionConfigurationPlatforms) = preSolution
		Debug|Any CPU = Debug|Any CPU
		Release|Any CPU = Release|Any CPU
	EndGlobalSection
	GlobalSection(ProjectConfigurationPlatforms) = postSolution
		{BD298807-C909-4DB2-B971-50C30D6ED60D}.Debug|Any CPU.ActiveCfg = Debug|Any CPU
		{BD298807-C909-4DB2-B971-50C30D6ED60D}.Debug|Any CPU.Build.0 = Debug|Any CPU
		{BD298807-C909-4DB2-B971-50C30D6ED60D}.Release|Any CPU.ActiveCfg = Release|Any CPU
		{BD298807-C909-4DB2-B971-50C30D6ED60D}.Release|Any CPU.Build.0 = Release|Any CPU
	EndGlobalSection
	GlobalSection(SolutionProperties) = preSolution
		HideSolutionNode = FALSE
	EndGlobalSection
	GlobalSection(ExtensibilityGlobals) = postSolution
		SolutionGuid = {474FC200-B31C-4130-AF6F-1C377AF7BFA0}
	EndGlobalSection
EndGlobal
